// !$*UTF8*$!
{
	archiveVersion = 1;
	classes = {
	};
	objectVersion = 56;
	objects = {

/* Begin PBXBuildFile section */
		C5429DBB2B98FD37005CFEEF /* MoonshotApp.swift in Sources */ = {isa = PBXBuildFile; fileRef = C5429DBA2B98FD37005CFEEF /* MoonshotApp.swift */; };
		C5429DBD2B98FD37005CFEEF /* ContentView.swift in Sources */ = {isa = PBXBuildFile; fileRef = C5429DBC2B98FD37005CFEEF /* ContentView.swift */; };
		C5429DBF2B98FD39005CFEEF /* Assets.xcassets in Resources */ = {isa = PBXBuildFile; fileRef = C5429DBE2B98FD39005CFEEF /* Assets.xcassets */; };
		C5429DC22B98FD39005CFEEF /* Preview Assets.xcassets in Resources */ = {isa = PBXBuildFile; fileRef = C5429DC12B98FD39005CFEEF /* Preview Assets.xcassets */; };
		C5429DCB2B9A66C2005CFEEF /* Part1.swift in Sources */ = {isa = PBXBuildFile; fileRef = C5429DCA2B9A66C2005CFEEF /* Part1.swift */; };
		C5429DCD2B9A67C3005CFEEF /* Astronaut.swift in Sources */ = {isa = PBXBuildFile; fileRef = C5429DCC2B9A67C3005CFEEF /* Astronaut.swift */; };
		C5429DCF2B9A6907005CFEEF /* astronauts.json in Resources */ = {isa = PBXBuildFile; fileRef = C5429DCE2B9A6907005CFEEF /* astronauts.json */; };
		C5429DD12B9A690F005CFEEF /* missions.json in Resources */ = {isa = PBXBuildFile; fileRef = C5429DD02B9A690F005CFEEF /* missions.json */; };
		C5429DD32B9A69E0005CFEEF /* Mission.swift in Sources */ = {isa = PBXBuildFile; fileRef = C5429DD22B9A69E0005CFEEF /* Mission.swift */; };
		C5429DD52B9EA7F8005CFEEF /* Bundle_codable.swift in Sources */ = {isa = PBXBuildFile; fileRef = C5429DD42B9EA7F8005CFEEF /* Bundle_codable.swift */; };
		C5429DD72B9EAD23005CFEEF /* Color-Theme.swift in Sources */ = {isa = PBXBuildFile; fileRef = C5429DD62B9EAD23005CFEEF /* Color-Theme.swift */; };
		C5429DDD2BA0B63D005CFEEF /* MissionView.swift in Sources */ = {isa = PBXBuildFile; fileRef = C5429DDC2BA0B63D005CFEEF /* MissionView.swift */; };
		C5429DDF2BA0B676005CFEEF /* AstronautView.swift in Sources */ = {isa = PBXBuildFile; fileRef = C5429DDE2BA0B676005CFEEF /* AstronautView.swift */; };
		C5429DE12BA492B0005CFEEF /* CrewView.swift in Sources */ = {isa = PBXBuildFile; fileRef = C5429DE02BA492B0005CFEEF /* CrewView.swift */; };
/* End PBXBuildFile section */

/* Begin PBXFileReference section */
		C5429DB72B98FD37005CFEEF /* Moonshot.app */ = {isa = PBXFileReference; explicitFileType = wrapper.application; includeInIndex = 0; path = Moonshot.app; sourceTree = BUILT_PRODUCTS_DIR; };
		C5429DBA2B98FD37005CFEEF /* MoonshotApp.swift */ = {isa = PBXFileReference; lastKnownFileType = sourcecode.swift; path = MoonshotApp.swift; sourceTree = "<group>"; };
		C5429DBC2B98FD37005CFEEF /* ContentView.swift */ = {isa = PBXFileReference; lastKnownFileType = sourcecode.swift; path = ContentView.swift; sourceTree = "<group>"; };
		C5429DBE2B98FD39005CFEEF /* Assets.xcassets */ = {isa = PBXFileReference; lastKnownFileType = folder.assetcatalog; path = Assets.xcassets; sourceTree = "<group>"; };
		C5429DC12B98FD39005CFEEF /* Preview Assets.xcassets */ = {isa = PBXFileReference; lastKnownFileType = folder.assetcatalog; path = "Preview Assets.xcassets"; sourceTree = "<group>"; };
		C5429DCA2B9A66C2005CFEEF /* Part1.swift */ = {isa = PBXFileReference; lastKnownFileType = sourcecode.swift; path = Part1.swift; sourceTree = "<group>"; };
		C5429DCC2B9A67C3005CFEEF /* Astronaut.swift */ = {isa = PBXFileReference; lastKnownFileType = sourcecode.swift; path = Astronaut.swift; sourceTree = "<group>"; };
		C5429DCE2B9A6907005CFEEF /* astronauts.json */ = {isa = PBXFileReference; fileEncoding = 4; lastKnownFileType = text.json; path = astronauts.json; sourceTree = "<group>"; };
		C5429DD02B9A690F005CFEEF /* missions.json */ = {isa = PBXFileReference; fileEncoding = 4; lastKnownFileType = text.json; path = missions.json; sourceTree = "<group>"; };
		C5429DD22B9A69E0005CFEEF /* Mission.swift */ = {isa = PBXFileReference; lastKnownFileType = sourcecode.swift; path = Mission.swift; sourceTree = "<group>"; };
		C5429DD42B9EA7F8005CFEEF /* Bundle_codable.swift */ = {isa = PBXFileReference; lastKnownFileType = sourcecode.swift; path = Bundle_codable.swift; sourceTree = "<group>"; };
		C5429DD62B9EAD23005CFEEF /* Color-Theme.swift */ = {isa = PBXFileReference; lastKnownFileType = sourcecode.swift; path = "Color-Theme.swift"; sourceTree = "<group>"; };
		C5429DDC2BA0B63D005CFEEF /* MissionView.swift */ = {isa = PBXFileReference; fileEncoding = 4; lastKnownFileType = sourcecode.swift; path = MissionView.swift; sourceTree = "<group>"; };
		C5429DDE2BA0B676005CFEEF /* AstronautView.swift */ = {isa = PBXFileReference; lastKnownFileType = sourcecode.swift; path = AstronautView.swift; sourceTree = "<group>"; };
		C5429DE02BA492B0005CFEEF /* CrewView.swift */ = {isa = PBXFileReference; lastKnownFileType = sourcecode.swift; path = CrewView.swift; sourceTree = "<group>"; };
/* End PBXFileReference section */

/* Begin PBXFrameworksBuildPhase section */
		C5429DB42B98FD37005CFEEF /* Frameworks */ = {
			isa = PBXFrameworksBuildPhase;
			buildActionMask = 2147483647;
			files = (
			);
			runOnlyForDeploymentPostprocessing = 0;
		};
/* End PBXFrameworksBuildPhase section */

/* Begin PBXGroup section */
		C5429DAE2B98FD37005CFEEF = {
			isa = PBXGroup;
			children = (
				C5429DB92B98FD37005CFEEF /* Moonshot */,
				C5429DB82B98FD37005CFEEF /* Products */,
			);
			sourceTree = "<group>";
		};
		C5429DB82B98FD37005CFEEF /* Products */ = {
			isa = PBXGroup;
			children = (
				C5429DB72B98FD37005CFEEF /* Moonshot.app */,
			);
			name = Products;
			sourceTree = "<group>";
		};
		C5429DB92B98FD37005CFEEF /* Moonshot */ = {
			isa = PBXGroup;
			children = (
				C5429DCA2B9A66C2005CFEEF /* Part1.swift */,
				C5429DCC2B9A67C3005CFEEF /* Astronaut.swift */,
				C5429DD42B9EA7F8005CFEEF /* Bundle_codable.swift */,
				C5429DBA2B98FD37005CFEEF /* MoonshotApp.swift */,
				C5429DD22B9A69E0005CFEEF /* Mission.swift */,
				C5429DD62B9EAD23005CFEEF /* Color-Theme.swift */,
				C5429DDC2BA0B63D005CFEEF /* MissionView.swift */,
				C5429DE02BA492B0005CFEEF /* CrewView.swift */,
				C5429DBC2B98FD37005CFEEF /* ContentView.swift */,
				C5429DDE2BA0B676005CFEEF /* AstronautView.swift */,
				C5429DBE2B98FD39005CFEEF /* Assets.xcassets */,
				C5429DD02B9A690F005CFEEF /* missions.json */,
				C5429DCE2B9A6907005CFEEF /* astronauts.json */,
				C5429DC02B98FD39005CFEEF /* Preview Content */,
			);
			path = Moonshot;
			sourceTree = "<group>";
		};
		C5429DC02B98FD39005CFEEF /* Preview Content */ = {
			isa = PBXGroup;
			children = (
				C5429DC12B98FD39005CFEEF /* Preview Assets.xcassets */,
			);
			path = "Preview Content";
			sourceTree = "<group>";
		};
/* End PBXGroup section */

/* Begin PBXNativeTarget section */
		C5429DB62B98FD37005CFEEF /* Moonshot */ = {
			isa = PBXNativeTarget;
			buildConfigurationList = C5429DC52B98FD39005CFEEF /* Build configuration list for PBXNativeTarget "Moonshot" */;
			buildPhases = (
				C5429DB32B98FD37005CFEEF /* Sources */,
				C5429DB42B98FD37005CFEEF /* Frameworks */,
				C5429DB52B98FD37005CFEEF /* Resources */,
			);
			buildRules = (
			);
			dependencies = (
			);
			name = Moonshot;
			productName = Moonshot;
			productReference = C5429DB72B98FD37005CFEEF /* Moonshot.app */;
			productType = "com.apple.product-type.application";
		};
/* End PBXNativeTarget section */

/* Begin PBXProject section */
		C5429DAF2B98FD37005CFEEF /* Project object */ = {
			isa = PBXProject;
			attributes = {
				BuildIndependentTargetsInParallel = 1;
				LastSwiftUpdateCheck = 1520;
				LastUpgradeCheck = 1520;
				TargetAttributes = {
					C5429DB62B98FD37005CFEEF = {
						CreatedOnToolsVersion = 15.2;
					};
				};
			};
			buildConfigurationList = C5429DB22B98FD37005CFEEF /* Build configuration list for PBXProject "Moonshot" */;
			compatibilityVersion = "Xcode 14.0";
			developmentRegion = en;
			hasScannedForEncodings = 0;
			knownRegions = (
				en,
				Base,
			);
			mainGroup = C5429DAE2B98FD37005CFEEF;
			productRefGroup = C5429DB82B98FD37005CFEEF /* Products */;
			projectDirPath = "";
			projectRoot = "";
			targets = (
				C5429DB62B98FD37005CFEEF /* Moonshot */,
			);
		};
/* End PBXProject section */

/* Begin PBXResourcesBuildPhase section */
		C5429DB52B98FD37005CFEEF /* Resources */ = {
			isa = PBXResourcesBuildPhase;
			buildActionMask = 2147483647;
			files = (
				C5429DCF2B9A6907005CFEEF /* astronauts.json in Resources */,
				C5429DC22B98FD39005CFEEF /* Preview Assets.xcassets in Resources */,
				C5429DD12B9A690F005CFEEF /* missions.json in Resources */,
				C5429DBF2B98FD39005CFEEF /* Assets.xcassets in Resources */,
			);
			runOnlyForDeploymentPostprocessing = 0;
		};
/* End PBXResourcesBuildPhase section */

/* Begin PBXSourcesBuildPhase section */
		C5429DB32B98FD37005CFEEF /* Sources */ = {
			isa = PBXSourcesBuildPhase;
			buildActionMask = 2147483647;
			files = (
				C5429DD52B9EA7F8005CFEEF /* Bundle_codable.swift in Sources */,
				C5429DDF2BA0B676005CFEEF /* AstronautView.swift in Sources */,
				C5429DCB2B9A66C2005CFEEF /* Part1.swift in Sources */,
				C5429DD72B9EAD23005CFEEF /* Color-Theme.swift in Sources */,
				C5429DBD2B98FD37005CFEEF /* ContentView.swift in Sources */,
				C5429DE12BA492B0005CFEEF /* CrewView.swift in Sources */,
				C5429DDD2BA0B63D005CFEEF /* MissionView.swift in Sources */,
				C5429DBB2B98FD37005CFEEF /* MoonshotApp.swift in Sources */,
				C5429DD32B9A69E0005CFEEF /* Mission.swift in Sources */,
				C5429DCD2B9A67C3005CFEEF /* Astronaut.swift in Sources */,
			);
			runOnlyForDeploymentPostprocessing = 0;
		};
/* End PBXSourcesBuildPhase section */

/* Begin XCBuildConfiguration section */
		C5429DC32B98FD39005CFEEF /* Debug */ = {
			isa = XCBuildConfiguration;
			buildSettings = {
				ALWAYS_SEARCH_USER_PATHS = NO;
				ASSETCATALOG_COMPILER_GENERATE_SWIFT_ASSET_SYMBOL_EXTENSIONS = YES;
				CLANG_ANALYZER_NONNULL = YES;
				CLANG_ANALYZER_NUMBER_OBJECT_CONVERSION = YES_AGGRESSIVE;
				CLANG_CXX_LANGUAGE_STANDARD = "gnu++20";
				CLANG_ENABLE_MODULES = YES;
				CLANG_ENABLE_OBJC_ARC = YES;
				CLANG_ENABLE_OBJC_WEAK = YES;
				CLANG_WARN_BLOCK_CAPTURE_AUTORELEASING = YES;
				CLANG_WARN_BOOL_CONVERSION = YES;
				CLANG_WARN_COMMA = YES;
				CLANG_WARN_CONSTANT_CONVERSION = YES;
				CLANG_WARN_DEPRECATED_OBJC_IMPLEMENTATIONS = YES;
				CLANG_WARN_DIRECT_OBJC_ISA_USAGE = YES_ERROR;
				CLANG_WARN_DOCUMENTATION_COMMENTS = YES;
				CLANG_WARN_EMPTY_BODY = YES;
				CLANG_WARN_ENUM_CONVERSION = YES;
				CLANG_WARN_INFINITE_RECURSION = YES;
				CLANG_WARN_INT_CONVERSION = YES;
				CLANG_WARN_NON_LITERAL_NULL_CONVERSION = YES;
				CLANG_WARN_OBJC_IMPLICIT_RETAIN_SELF = YES;
				CLANG_WARN_OBJC_LITERAL_CONVERSION = YES;
				CLANG_WARN_OBJC_ROOT_CLASS = YES_ERROR;
				CLANG_WARN_QUOTED_INCLUDE_IN_FRAMEWORK_HEADER = YES;
				CLANG_WARN_RANGE_LOOP_ANALYSIS = YES;
				CLANG_WARN_STRICT_PROTOTYPES = YES;
				CLANG_WARN_SUSPICIOUS_MOVE = YES;
				CLANG_WARN_UNGUARDED_AVAILABILITY = YES_AGGRESSIVE;
				CLANG_WARN_UNREACHABLE_CODE = YES;
				CLANG_WARN__DUPLICATE_METHOD_MATCH = YES;
				COPY_PHASE_STRIP = NO;
				DEBUG_INFORMATION_FORMAT = dwarf;
				ENABLE_STRICT_OBJC_MSGSEND = YES;
				ENABLE_TESTABILITY = YES;
				ENABLE_USER_SCRIPT_SANDBOXING = YES;
				GCC_C_LANGUAGE_STANDARD = gnu17;
				GCC_DYNAMIC_NO_PIC = NO;
				GCC_NO_COMMON_BLOCKS = YES;
				GCC_OPTIMIZATION_LEVEL = 0;
				GCC_PREPROCESSOR_DEFINITIONS = (
					"DEBUG=1",
					"$(inherited)",
				);
				GCC_WARN_64_TO_32_BIT_CONVERSION = YES;
				GCC_WARN_ABOUT_RETURN_TYPE = YES_ERROR;
				GCC_WARN_UNDECLARED_SELECTOR = YES;
				GCC_WARN_UNINITIALIZED_AUTOS = YES_AGGRESSIVE;
				GCC_WARN_UNUSED_FUNCTION = YES;
				GCC_WARN_UNUSED_VARIABLE = YES;
				IPHONEOS_DEPLOYMENT_TARGET = 17.2;
				LOCALIZATION_PREFERS_STRING_CATALOGS = YES;
				MTL_ENABLE_DEBUG_INFO = INCLUDE_SOURCE;
				MTL_FAST_MATH = YES;
				ONLY_ACTIVE_ARCH = YES;
				SDKROOT = iphoneos;
				SWIFT_ACTIVE_COMPILATION_CONDITIONS = "DEBUG $(inherited)";
				SWIFT_OPTIMIZATION_LEVEL = "-Onone";
			};
			name = Debug;
		};
		C5429DC42B98FD39005CFEEF /* Release */ = {
			isa = XCBuildConfiguration;
			buildSettings = {
				ALWAYS_SEARCH_USER_PATHS = NO;
				ASSETCATALOG_COMPILER_GENERATE_SWIFT_ASSET_SYMBOL_EXTENSIONS = YES;
				CLANG_ANALYZER_NONNULL = YES;
				CLANG_ANALYZER_NUMBER_OBJECT_CONVERSION = YES_AGGRESSIVE;
				CLANG_CXX_LANGUAGE_STANDARD = "gnu++20";
				CLANG_ENABLE_MODULES = YES;
				CLANG_ENABLE_OBJC_ARC = YES;
				CLANG_ENABLE_OBJC_WEAK = YES;
				CLANG_WARN_BLOCK_CAPTURE_AUTORELEASING = YES;
				CLANG_WARN_BOOL_CONVERSION = YES;
				CLANG_WARN_COMMA = YES;
				CLANG_WARN_CONSTANT_CONVERSION = YES;
				CLANG_WARN_DEPRECATED_OBJC_IMPLEMENTATIONS = YES;
				CLANG_WARN_DIRECT_OBJC_ISA_USAGE = YES_ERROR;
				CLANG_WARN_DOCUMENTATION_COMMENTS = YES;
				CLANG_WARN_EMPTY_BODY = YES;
				CLANG_WARN_ENUM_CONVERSION = YES;
				CLANG_WARN_INFINITE_RECURSION = YES;
				CLANG_WARN_INT_CONVERSION = YES;
				CLANG_WARN_NON_LITERAL_NULL_CONVERSION = YES;
				CLANG_WARN_OBJC_IMPLICIT_RETAIN_SELF = YES;
				CLANG_WARN_OBJC_LITERAL_CONVERSION = YES;
				CLANG_WARN_OBJC_ROOT_CLASS = YES_ERROR;
				CLANG_WARN_QUOTED_INCLUDE_IN_FRAMEWORK_HEADER = YES;
				CLANG_WARN_RANGE_LOOP_ANALYSIS = YES;
				CLANG_WARN_STRICT_PROTOTYPES = YES;
				CLANG_WARN_SUSPICIOUS_MOVE = YES;
				CLANG_WARN_UNGUARDED_AVAILABILITY = YES_AGGRESSIVE;
				CLANG_WARN_UNREACHABLE_CODE = YES;
				CLANG_WARN__DUPLICATE_METHOD_MATCH = YES;
				COPY_PHASE_STRIP = NO;
				DEBUG_INFORMATION_FORMAT = "dwarf-with-dsym";
				ENABLE_NS_ASSERTIONS = NO;
				ENABLE_STRICT_OBJC_MSGSEND = YES;
				ENABLE_USER_SCRIPT_SANDBOXING = YES;
				GCC_C_LANGUAGE_STANDARD = gnu17;
				GCC_NO_COMMON_BLOCKS = YES;
				GCC_WARN_64_TO_32_BIT_CONVERSION = YES;
				GCC_WARN_ABOUT_RETURN_TYPE = YES_ERROR;
				GCC_WARN_UNDECLARED_SELECTOR = YES;
				GCC_WARN_UNINITIALIZED_AUTOS = YES_AGGRESSIVE;
				GCC_WARN_UNUSED_FUNCTION = YES;
				GCC_WARN_UNUSED_VARIABLE = YES;
				IPHONEOS_DEPLOYMENT_TARGET = 17.2;
				LOCALIZATION_PREFERS_STRING_CATALOGS = YES;
				MTL_ENABLE_DEBUG_INFO = NO;
				MTL_FAST_MATH = YES;
				SDKROOT = iphoneos;
				SWIFT_COMPILATION_MODE = wholemodule;
				VALIDATE_PRODUCT = YES;
			};
			name = Release;
		};
		C5429DC62B98FD39005CFEEF /* Debug */ = {
			isa = XCBuildConfiguration;
			buildSettings = {
				ASSETCATALOG_COMPILER_APPICON_NAME = AppIcon;
				ASSETCATALOG_COMPILER_GLOBAL_ACCENT_COLOR_NAME = AccentColor;
				CODE_SIGN_STYLE = Automatic;
				CURRENT_PROJECT_VERSION = 1;
				DEVELOPMENT_ASSET_PATHS = "\"Moonshot/Preview Content\"";
				DEVELOPMENT_TEAM = Y88FWBF6SD;
				ENABLE_PREVIEWS = YES;
				GENERATE_INFOPLIST_FILE = YES;
				INFOPLIST_KEY_UIApplicationSceneManifest_Generation = YES;
				INFOPLIST_KEY_UIApplicationSupportsIndirectInputEvents = YES;
				INFOPLIST_KEY_UILaunchScreen_Generation = YES;
				INFOPLIST_KEY_UISupportedInterfaceOrientations_iPad = "UIInterfaceOrientationPortrait UIInterfaceOrientationPortraitUpsideDown UIInterfaceOrientationLandscapeLeft UIInterfaceOrientationLandscapeRight";
				INFOPLIST_KEY_UISupportedInterfaceOrientations_iPhone = "UIInterfaceOrientationPortrait UIInterfaceOrientationLandscapeLeft UIInterfaceOrientationLandscapeRight";
				LD_RUNPATH_SEARCH_PATHS = (
					"$(inherited)",
					"@executable_path/Frameworks",
				);
				MARKETING_VERSION = 1.0;
				PRODUCT_BUNDLE_IDENTIFIER = me.bera.iphigenie.Moonshot;
				PRODUCT_NAME = "$(TARGET_NAME)";
				SWIFT_EMIT_LOC_STRINGS = YES;
				SWIFT_VERSION = 5.0;
				TARGETED_DEVICE_FAMILY = "1,2";
			};
			name = Debug;
		};
		C5429DC72B98FD39005CFEEF /* Release */ = {
			isa = XCBuildConfiguration;
			buildSettings = {
				ASSETCATALOG_COMPILER_APPICON_NAME = AppIcon;
				ASSETCATALOG_COMPILER_GLOBAL_ACCENT_COLOR_NAME = AccentColor;
				CODE_SIGN_STYLE = Automatic;
				CURRENT_PROJECT_VERSION = 1;
				DEVELOPMENT_ASSET_PATHS = "\"Moonshot/Preview Content\"";
				DEVELOPMENT_TEAM = Y88FWBF6SD;
				ENABLE_PREVIEWS = YES;
				GENERATE_INFOPLIST_FILE = YES;
				INFOPLIST_KEY_UIApplicationSceneManifest_Generation = YES;
				INFOPLIST_KEY_UIApplicationSupportsIndirectInputEvents = YES;
				INFOPLIST_KEY_UILaunchScreen_Generation = YES;
				INFOPLIST_KEY_UISupportedInterfaceOrientations_iPad = "UIInterfaceOrientationPortrait UIInterfaceOrientationPortraitUpsideDown UIInterfaceOrientationLandscapeLeft UIInterfaceOrientationLandscapeRight";
				INFOPLIST_KEY_UISupportedInterfaceOrientations_iPhone = "UIInterfaceOrientationPortrait UIInterfaceOrientationLandscapeLeft UIInterfaceOrientationLandscapeRight";
				LD_RUNPATH_SEARCH_PATHS = (
					"$(inherited)",
					"@executable_path/Frameworks",
				);
				MARKETING_VERSION = 1.0;
				PRODUCT_BUNDLE_IDENTIFIER = me.bera.iphigenie.Moonshot;
				PRODUCT_NAME = "$(TARGET_NAME)";
				SWIFT_EMIT_LOC_STRINGS = YES;
				SWIFT_VERSION = 5.0;
				TARGETED_DEVICE_FAMILY = "1,2";
			};
			name = Release;
		};
/* End XCBuildConfiguration section */

/* Begin XCConfigurationList section */
		C5429DB22B98FD37005CFEEF /* Build configuration list for PBXProject "Moonshot" */ = {
			isa = XCConfigurationList;
			buildConfigurations = (
				C5429DC32B98FD39005CFEEF /* Debug */,
				C5429DC42B98FD39005CFEEF /* Release */,
			);
			defaultConfigurationIsVisible = 0;
			defaultConfigurationName = Release;
		};
		C5429DC52B98FD39005CFEEF /* Build configuration list for PBXNativeTarget "Moonshot" */ = {
			isa = XCConfigurationList;
			buildConfigurations = (
				C5429DC62B98FD39005CFEEF /* Debug */,
				C5429DC72B98FD39005CFEEF /* Release */,
			);
			defaultConfigurationIsVisible = 0;
			defaultConfigurationName = Release;
		};
/* End XCConfigurationList section */
	};
	rootObject = C5429DAF2B98FD37005CFEEF /* Project object */;
}
